
Microsoft Visual Studio Solution File, Format Version 12.00
# Visual Studio Version 17
VisualStudioVersion = 17.6.33815.320
MinimumVisualStudioVersion = 10.0.40219.1
Project("{FAE04EC0-301F-11D3-BF4B-00C04F79EFBC}") = "Presentation", "Presentation\Presentation.csproj", "{043825D9-2142-4C50-9AD5-5AFE4138AE39}"
EndProject
Project("{FAE04EC0-301F-11D3-BF4B-00C04F79EFBC}") = "Domain", "Domain\Domain.csproj", "{5A253F55-9DBE-4B80-B8D5-E815AE75B07A}"
EndProject
Project("{FAE04EC0-301F-11D3-BF4B-00C04F79EFBC}") = "DataAccess", "DataAccess\DataAccess.csproj", "{E4418C10-5BAF-4C93-8279-FA64ECE1E956}"
EndProject
Project("{FAE04EC0-301F-11D3-BF4B-00C04F79EFBC}") = "Common", "Common\Common.csproj", "{2C8B5A95-235E-467A-8D1C-A96698519D8C}"
EndProject
Project("{FAE04EC0-301F-11D3-BF4B-00C04F79EFBC}") = "Capa_entidad", "Capa_entidad\Capa_entidad.csproj", "{2D21C2D1-CBB9-4933-AAF6-2B079491BCE5}"
EndProject
Global
	GlobalSection(SolutionConfigurationPlatforms) = preSolution
		Debug|Any CPU = Debug|Any CPU
		Release|Any CPU = Release|Any CPU
	EndGlobalSection
	GlobalSection(ProjectConfigurationPlatforms) = postSolution
		{043825D9-2142-4C50-9AD5-5AFE4138AE39}.Debug|Any CPU.ActiveCfg = Debug|Any CPU
		{043825D9-2142-4C50-9AD5-5AFE4138AE39}.Debug|Any CPU.Build.0 = Debug|Any CPU
		{043825D9-2142-4C50-9AD5-5AFE4138AE39}.Release|Any CPU.ActiveCfg = Release|Any CPU
		{043825D9-2142-4C50-9AD5-5AFE4138AE39}.Release|Any CPU.Build.0 = Release|Any CPU
		{5A253F55-9DBE-4B80-B8D5-E815AE75B07A}.Debug|Any CPU.ActiveCfg = Debug|Any CPU
		{5A253F55-9DBE-4B80-B8D5-E815AE75B07A}.Debug|Any CPU.Build.0 = Debug|Any CPU
		{5A253F55-9DBE-4B80-B8D5-E815AE75B07A}.Release|Any CPU.ActiveCfg = Release|Any CPU
		{5A253F55-9DBE-4B80-B8D5-E815AE75B07A}.Release|Any CPU.Build.0 = Release|Any CPU
		{E4418C10-5BAF-4C93-8279-FA64ECE1E956}.Debug|Any CPU.ActiveCfg = Debug|Any CPU
		{E4418C10-5BAF-4C93-8279-FA64ECE1E956}.Debug|Any CPU.Build.0 = Debug|Any CPU
		{E4418C10-5BAF-4C93-8279-FA64ECE1E956}.Release|Any CPU.ActiveCfg = Release|Any CPU
		{E4418C10-5BAF-4C93-8279-FA64ECE1E956}.Release|Any CPU.Build.0 = Release|Any CPU
		{2C8B5A95-235E-467A-8D1C-A96698519D8C}.Debug|Any CPU.ActiveCfg = Debug|Any CPU
		{2C8B5A95-235E-467A-8D1C-A96698519D8C}.Debug|Any CPU.Build.0 = Debug|Any CPU
		{2C8B5A95-235E-467A-8D1C-A96698519D8C}.Release|Any CPU.ActiveCfg = Release|Any CPU
		{2C8B5A95-235E-467A-8D1C-A96698519D8C}.Release|Any CPU.Build.0 = Release|Any CPU
		{2D21C2D1-CBB9-4933-AAF6-2B079491BCE5}.Debug|Any CPU.ActiveCfg = Debug|Any CPU
		{2D21C2D1-CBB9-4933-AAF6-2B079491BCE5}.Debug|Any CPU.Build.0 = Debug|Any CPU
		{2D21C2D1-CBB9-4933-AAF6-2B079491BCE5}.Release|Any CPU.ActiveCfg = Release|Any CPU
		{2D21C2D1-CBB9-4933-AAF6-2B079491BCE5}.Release|Any CPU.Build.0 = Release|Any CPU
	EndGlobalSection
	GlobalSection(SolutionProperties) = preSolution
		HideSolutionNode = FALSE
	EndGlobalSection
	GlobalSection(ExtensibilityGlobals) = postSolution
		SolutionGuid = {587D256D-70E1-4EDF-9AC4-F09EE638DB11}
	EndGlobalSection
EndGlobal
